
Microsoft Visual Studio Solution File, Format Version 12.00
# Visual Studio Version 17
VisualStudioVersion = 17.0.31912.275
MinimumVisualStudioVersion = 10.0.40219.1
Project("{FAE04EC0-301F-11D3-BF4B-00C04F79EFBC}") = "EventsPlatform", "EventsPlatform\EventsPlatform.csproj", "{8BF9C021-B028-4C64-86DC-9BF119183495}"
EndProject
Global
	GlobalSection(SolutionConfigurationPlatforms) = preSolution
		Debug|Any CPU = Debug|Any CPU
		Release|Any CPU = Release|Any CPU
	EndGlobalSection
	GlobalSection(ProjectConfigurationPlatforms) = postSolution
		{8BF9C021-B028-4C64-86DC-9BF119183495}.Debug|Any CPU.ActiveCfg = Debug|Any CPU
		{8BF9C021-B028-4C64-86DC-9BF119183495}.Debug|Any CPU.Build.0 = Debug|Any CPU
		{8BF9C021-B028-4C64-86DC-9BF119183495}.Release|Any CPU.ActiveCfg = Release|Any CPU
		{8BF9C021-B028-4C64-86DC-9BF119183495}.Release|Any CPU.Build.0 = Release|Any CPU
	EndGlobalSection
	GlobalSection(SolutionProperties) = preSolution
		HideSolutionNode = FALSE
	EndGlobalSection
	GlobalSection(ExtensibilityGlobals) = postSolution
		SolutionGuid = {947F1A5F-1B0A-4326-B751-36528A6B9C7B}
	EndGlobalSection
EndGlobal
